// !$*UTF8*$!
{
	archiveVersion = 1;
	classes = {
	};
	objectVersion = 55;
	objects = {

/* Begin PBXBuildFile section */
		3304EBF82795963F00B4EA93 /* AppDelegate.swift in Sources */ = {isa = PBXBuildFile; fileRef = 3304EBF72795963F00B4EA93 /* AppDelegate.swift */; };
		3304EBFA2795963F00B4EA93 /* SceneDelegate.swift in Sources */ = {isa = PBXBuildFile; fileRef = 3304EBF92795963F00B4EA93 /* SceneDelegate.swift */; };
		3304EBFC2795963F00B4EA93 /* ViewController.swift in Sources */ = {isa = PBXBuildFile; fileRef = 3304EBFB2795963F00B4EA93 /* ViewController.swift */; };
		3304EBFF2795963F00B4EA93 /* Main.storyboard in Resources */ = {isa = PBXBuildFile; fileRef = 3304EBFD2795963F00B4EA93 /* Main.storyboard */; };
		3304EC012795964300B4EA93 /* Assets.xcassets in Resources */ = {isa = PBXBuildFile; fileRef = 3304EC002795964300B4EA93 /* Assets.xcassets */; };
		3304EC042795964300B4EA93 /* LaunchScreen.storyboard in Resources */ = {isa = PBXBuildFile; fileRef = 3304EC022795964300B4EA93 /* LaunchScreen.storyboard */; };
		3304EC0C2795972700B4EA93 /* DetailViewController.swift in Sources */ = {isa = PBXBuildFile; fileRef = 3304EC0B2795972700B4EA93 /* DetailViewController.swift */; };
		3304EC2627959E1B00B4EA93 /* uk@2x.png in Resources */ = {isa = PBXBuildFile; fileRef = 3304EC0E27959E1900B4EA93 /* uk@2x.png */; };
		3304EC2727959E1B00B4EA93 /* us@3x.png in Resources */ = {isa = PBXBuildFile; fileRef = 3304EC0F27959E1900B4EA93 /* us@3x.png */; };
		3304EC2827959E1B00B4EA93 /* monaco@2x.png in Resources */ = {isa = PBXBuildFile; fileRef = 3304EC1027959E1900B4EA93 /* monaco@2x.png */; };
		3304EC2927959E1B00B4EA93 /* ireland@2x.png in Resources */ = {isa = PBXBuildFile; fileRef = 3304EC1127959E1900B4EA93 /* ireland@2x.png */; };
		3304EC2A27959E1B00B4EA93 /* russia@2x.png in Resources */ = {isa = PBXBuildFile; fileRef = 3304EC1227959E1A00B4EA93 /* russia@2x.png */; };
		3304EC2B27959E1B00B4EA93 /* poland@3x.png in Resources */ = {isa = PBXBuildFile; fileRef = 3304EC1327959E1A00B4EA93 /* poland@3x.png */; };
		3304EC2C27959E1B00B4EA93 /* nigeria@3x.png in Resources */ = {isa = PBXBuildFile; fileRef = 3304EC1427959E1A00B4EA93 /* nigeria@3x.png */; };
		3304EC2D27959E1B00B4EA93 /* estonia@3x.png in Resources */ = {isa = PBXBuildFile; fileRef = 3304EC1527959E1A00B4EA93 /* estonia@3x.png */; };
		3304EC2E27959E1B00B4EA93 /* ireland@3x.png in Resources */ = {isa = PBXBuildFile; fileRef = 3304EC1627959E1A00B4EA93 /* ireland@3x.png */; };
		3304EC2F27959E1B00B4EA93 /* spain@3x.png in Resources */ = {isa = PBXBuildFile; fileRef = 3304EC1727959E1A00B4EA93 /* spain@3x.png */; };
		3304EC3027959E1B00B4EA93 /* france@2x.png in Resources */ = {isa = PBXBuildFile; fileRef = 3304EC1827959E1A00B4EA93 /* france@2x.png */; };
		3304EC3127959E1B00B4EA93 /* monaco@3x.png in Resources */ = {isa = PBXBuildFile; fileRef = 3304EC1927959E1A00B4EA93 /* monaco@3x.png */; };
		3304EC3227959E1B00B4EA93 /* russia@3x.png in Resources */ = {isa = PBXBuildFile; fileRef = 3304EC1A27959E1A00B4EA93 /* russia@3x.png */; };
		3304EC3327959E1B00B4EA93 /* estonia@2x.png in Resources */ = {isa = PBXBuildFile; fileRef = 3304EC1B27959E1A00B4EA93 /* estonia@2x.png */; };
		3304EC3427959E1B00B4EA93 /* us@2x.png in Resources */ = {isa = PBXBuildFile; fileRef = 3304EC1C27959E1A00B4EA93 /* us@2x.png */; };
		3304EC3527959E1B00B4EA93 /* germany@2x.png in Resources */ = {isa = PBXBuildFile; fileRef = 3304EC1D27959E1A00B4EA93 /* germany@2x.png */; };
		3304EC3627959E1B00B4EA93 /* germany@3x.png in Resources */ = {isa = PBXBuildFile; fileRef = 3304EC1E27959E1A00B4EA93 /* germany@3x.png */; };
		3304EC3727959E1B00B4EA93 /* poland@2x.png in Resources */ = {isa = PBXBuildFile; fileRef = 3304EC1F27959E1A00B4EA93 /* poland@2x.png */; };
		3304EC3827959E1B00B4EA93 /* italy@2x.png in Resources */ = {isa = PBXBuildFile; fileRef = 3304EC2027959E1A00B4EA93 /* italy@2x.png */; };
		3304EC3927959E1B00B4EA93 /* spain@2x.png in Resources */ = {isa = PBXBuildFile; fileRef = 3304EC2127959E1A00B4EA93 /* spain@2x.png */; };
		3304EC3A27959E1B00B4EA93 /* uk@3x.png in Resources */ = {isa = PBXBuildFile; fileRef = 3304EC2227959E1B00B4EA93 /* uk@3x.png */; };
		3304EC3B27959E1B00B4EA93 /* italy@3x.png in Resources */ = {isa = PBXBuildFile; fileRef = 3304EC2327959E1B00B4EA93 /* italy@3x.png */; };
		3304EC3C27959E1B00B4EA93 /* france@3x.png in Resources */ = {isa = PBXBuildFile; fileRef = 3304EC2427959E1B00B4EA93 /* france@3x.png */; };
		3304EC3D27959E1B00B4EA93 /* nigeria@2x.png in Resources */ = {isa = PBXBuildFile; fileRef = 3304EC2527959E1B00B4EA93 /* nigeria@2x.png */; };
/* End PBXBuildFile section */

/* Begin PBXFileReference section */
		3304EBF42795963F00B4EA93 /* Project 1-3.app */ = {isa = PBXFileReference; explicitFileType = wrapper.application; includeInIndex = 0; path = "Project 1-3.app"; sourceTree = BUILT_PRODUCTS_DIR; };
		3304EBF72795963F00B4EA93 /* AppDelegate.swift */ = {isa = PBXFileReference; lastKnownFileType = sourcecode.swift; path = AppDelegate.swift; sourceTree = "<group>"; };
		3304EBF92795963F00B4EA93 /* SceneDelegate.swift */ = {isa = PBXFileReference; lastKnownFileType = sourcecode.swift; path = SceneDelegate.swift; sourceTree = "<group>"; };
		3304EBFB2795963F00B4EA93 /* ViewController.swift */ = {isa = PBXFileReference; lastKnownFileType = sourcecode.swift; path = ViewController.swift; sourceTree = "<group>"; };
		3304EBFE2795963F00B4EA93 /* Base */ = {isa = PBXFileReference; lastKnownFileType = file.storyboard; name = Base; path = Base.lproj/Main.storyboard; sourceTree = "<group>"; };
		3304EC002795964300B4EA93 /* Assets.xcassets */ = {isa = PBXFileReference; lastKnownFileType = folder.assetcatalog; path = Assets.xcassets; sourceTree = "<group>"; };
		3304EC032795964300B4EA93 /* Base */ = {isa = PBXFileReference; lastKnownFileType = file.storyboard; name = Base; path = Base.lproj/LaunchScreen.storyboard; sourceTree = "<group>"; };
		3304EC052795964300B4EA93 /* Info.plist */ = {isa = PBXFileReference; lastKnownFileType = text.plist.xml; path = Info.plist; sourceTree = "<group>"; };
		3304EC0B2795972700B4EA93 /* DetailViewController.swift */ = {isa = PBXFileReference; lastKnownFileType = sourcecode.swift; path = DetailViewController.swift; sourceTree = "<group>"; };
		3304EC0E27959E1900B4EA93 /* uk@2x.png */ = {isa = PBXFileReference; lastKnownFileType = image.png; path = "uk@2x.png"; sourceTree = "<group>"; };
		3304EC0F27959E1900B4EA93 /* us@3x.png */ = {isa = PBXFileReference; lastKnownFileType = image.png; path = "us@3x.png"; sourceTree = "<group>"; };
		3304EC1027959E1900B4EA93 /* monaco@2x.png */ = {isa = PBXFileReference; lastKnownFileType = image.png; path = "monaco@2x.png"; sourceTree = "<group>"; };
		3304EC1127959E1900B4EA93 /* ireland@2x.png */ = {isa = PBXFileReference; lastKnownFileType = image.png; path = "ireland@2x.png"; sourceTree = "<group>"; };
		3304EC1227959E1A00B4EA93 /* russia@2x.png */ = {isa = PBXFileReference; lastKnownFileType = image.png; path = "russia@2x.png"; sourceTree = "<group>"; };
		3304EC1327959E1A00B4EA93 /* poland@3x.png */ = {isa = PBXFileReference; lastKnownFileType = image.png; path = "poland@3x.png"; sourceTree = "<group>"; };
		3304EC1427959E1A00B4EA93 /* nigeria@3x.png */ = {isa = PBXFileReference; lastKnownFileType = image.png; path = "nigeria@3x.png"; sourceTree = "<group>"; };
		3304EC1527959E1A00B4EA93 /* estonia@3x.png */ = {isa = PBXFileReference; lastKnownFileType = image.png; path = "estonia@3x.png"; sourceTree = "<group>"; };
		3304EC1627959E1A00B4EA93 /* ireland@3x.png */ = {isa = PBXFileReference; lastKnownFileType = image.png; path = "ireland@3x.png"; sourceTree = "<group>"; };
		3304EC1727959E1A00B4EA93 /* spain@3x.png */ = {isa = PBXFileReference; lastKnownFileType = image.png; path = "spain@3x.png"; sourceTree = "<group>"; };
		3304EC1827959E1A00B4EA93 /* france@2x.png */ = {isa = PBXFileReference; lastKnownFileType = image.png; path = "france@2x.png"; sourceTree = "<group>"; };
		3304EC1927959E1A00B4EA93 /* monaco@3x.png */ = {isa = PBXFileReference; lastKnownFileType = image.png; path = "monaco@3x.png"; sourceTree = "<group>"; };
		3304EC1A27959E1A00B4EA93 /* russia@3x.png */ = {isa = PBXFileReference; lastKnownFileType = image.png; path = "russia@3x.png"; sourceTree = "<group>"; };
		3304EC1B27959E1A00B4EA93 /* estonia@2x.png */ = {isa = PBXFileReference; lastKnownFileType = image.png; path = "estonia@2x.png"; sourceTree = "<group>"; };
		3304EC1C27959E1A00B4EA93 /* us@2x.png */ = {isa = PBXFileReference; lastKnownFileType = image.png; path = "us@2x.png"; sourceTree = "<group>"; };
		3304EC1D27959E1A00B4EA93 /* germany@2x.png */ = {isa = PBXFileReference; lastKnownFileType = image.png; path = "germany@2x.png"; sourceTree = "<group>"; };
		3304EC1E27959E1A00B4EA93 /* germany@3x.png */ = {isa = PBXFileReference; lastKnownFileType = image.png; path = "germany@3x.png"; sourceTree = "<group>"; };
		3304EC1F27959E1A00B4EA93 /* poland@2x.png */ = {isa = PBXFileReference; lastKnownFileType = image.png; path = "poland@2x.png"; sourceTree = "<group>"; };
		3304EC2027959E1A00B4EA93 /* italy@2x.png */ = {isa = PBXFileReference; lastKnownFileType = image.png; path = "italy@2x.png"; sourceTree = "<group>"; };
		3304EC2127959E1A00B4EA93 /* spain@2x.png */ = {isa = PBXFileReference; lastKnownFileType = image.png; path = "spain@2x.png"; sourceTree = "<group>"; };
		3304EC2227959E1B00B4EA93 /* uk@3x.png */ = {isa = PBXFileReference; lastKnownFileType = image.png; path = "uk@3x.png"; sourceTree = "<group>"; };
		3304EC2327959E1B00B4EA93 /* italy@3x.png */ = {isa = PBXFileReference; lastKnownFileType = image.png; path = "italy@3x.png"; sourceTree = "<group>"; };
		3304EC2427959E1B00B4EA93 /* france@3x.png */ = {isa = PBXFileReference; lastKnownFileType = image.png; path = "france@3x.png"; sourceTree = "<group>"; };
		3304EC2527959E1B00B4EA93 /* nigeria@2x.png */ = {isa = PBXFileReference; lastKnownFileType = image.png; path = "nigeria@2x.png"; sourceTree = "<group>"; };
/* End PBXFileReference section */

/* Begin PBXFrameworksBuildPhase section */
		3304EBF12795963F00B4EA93 /* Frameworks */ = {
			isa = PBXFrameworksBuildPhase;
			buildActionMask = 2147483647;
			files = (
			);
			runOnlyForDeploymentPostprocessing = 0;
		};
/* End PBXFrameworksBuildPhase section */

/* Begin PBXGroup section */
		3304EBEB2795963F00B4EA93 = {
			isa = PBXGroup;
			children = (
				3304EBF62795963F00B4EA93 /* Project 1-3 */,
				3304EBF52795963F00B4EA93 /* Products */,
			);
			sourceTree = "<group>";
		};
		3304EBF52795963F00B4EA93 /* Products */ = {
			isa = PBXGroup;
			children = (
				3304EBF42795963F00B4EA93 /* Project 1-3.app */,
			);
			name = Products;
			sourceTree = "<group>";
		};
		3304EBF62795963F00B4EA93 /* Project 1-3 */ = {
			isa = PBXGroup;
			children = (
				3304EBF72795963F00B4EA93 /* AppDelegate.swift */,
				3304EBF92795963F00B4EA93 /* SceneDelegate.swift */,
				3304EBFB2795963F00B4EA93 /* ViewController.swift */,
				3304EC0D27959E0600B4EA93 /* Flags */,
				3304EBFD2795963F00B4EA93 /* Main.storyboard */,
				3304EC0B2795972700B4EA93 /* DetailViewController.swift */,
				3304EC002795964300B4EA93 /* Assets.xcassets */,
				3304EC022795964300B4EA93 /* LaunchScreen.storyboard */,
				3304EC052795964300B4EA93 /* Info.plist */,
			);
			path = "Project 1-3";
			sourceTree = "<group>";
		};
		3304EC0D27959E0600B4EA93 /* Flags */ = {
			isa = PBXGroup;
			children = (
				3304EC1B27959E1A00B4EA93 /* estonia@2x.png */,
				3304EC1527959E1A00B4EA93 /* estonia@3x.png */,
				3304EC1827959E1A00B4EA93 /* france@2x.png */,
				3304EC2427959E1B00B4EA93 /* france@3x.png */,
				3304EC1D27959E1A00B4EA93 /* germany@2x.png */,
				3304EC1E27959E1A00B4EA93 /* germany@3x.png */,
				3304EC1127959E1900B4EA93 /* ireland@2x.png */,
				3304EC1627959E1A00B4EA93 /* ireland@3x.png */,
				3304EC2027959E1A00B4EA93 /* italy@2x.png */,
				3304EC2327959E1B00B4EA93 /* italy@3x.png */,
				3304EC1027959E1900B4EA93 /* monaco@2x.png */,
				3304EC1927959E1A00B4EA93 /* monaco@3x.png */,
				3304EC2527959E1B00B4EA93 /* nigeria@2x.png */,
				3304EC1427959E1A00B4EA93 /* nigeria@3x.png */,
				3304EC1F27959E1A00B4EA93 /* poland@2x.png */,
				3304EC1327959E1A00B4EA93 /* poland@3x.png */,
				3304EC1227959E1A00B4EA93 /* russia@2x.png */,
				3304EC1A27959E1A00B4EA93 /* russia@3x.png */,
				3304EC2127959E1A00B4EA93 /* spain@2x.png */,
				3304EC1727959E1A00B4EA93 /* spain@3x.png */,
				3304EC0E27959E1900B4EA93 /* uk@2x.png */,
				3304EC2227959E1B00B4EA93 /* uk@3x.png */,
				3304EC1C27959E1A00B4EA93 /* us@2x.png */,
				3304EC0F27959E1900B4EA93 /* us@3x.png */,
			);
			path = Flags;
			sourceTree = "<group>";
		};
/* End PBXGroup section */

/* Begin PBXNativeTarget section */
		3304EBF32795963F00B4EA93 /* Project 1-3 */ = {
			isa = PBXNativeTarget;
			buildConfigurationList = 3304EC082795964300B4EA93 /* Build configuration list for PBXNativeTarget "Project 1-3" */;
			buildPhases = (
				3304EBF02795963F00B4EA93 /* Sources */,
				3304EBF12795963F00B4EA93 /* Frameworks */,
				3304EBF22795963F00B4EA93 /* Resources */,
			);
			buildRules = (
			);
			dependencies = (
			);
			name = "Project 1-3";
			productName = "Project 1-3";
			productReference = 3304EBF42795963F00B4EA93 /* Project 1-3.app */;
			productType = "com.apple.product-type.application";
		};
/* End PBXNativeTarget section */

/* Begin PBXProject section */
		3304EBEC2795963F00B4EA93 /* Project object */ = {
			isa = PBXProject;
			attributes = {
				BuildIndependentTargetsInParallel = 1;
				LastSwiftUpdateCheck = 1320;
				LastUpgradeCheck = 1320;
				TargetAttributes = {
					3304EBF32795963F00B4EA93 = {
						CreatedOnToolsVersion = 13.2.1;
					};
				};
			};
			buildConfigurationList = 3304EBEF2795963F00B4EA93 /* Build configuration list for PBXProject "Project 1-3" */;
			compatibilityVersion = "Xcode 13.0";
			developmentRegion = en;
			hasScannedForEncodings = 0;
			knownRegions = (
				en,
				Base,
			);
			mainGroup = 3304EBEB2795963F00B4EA93;
			productRefGroup = 3304EBF52795963F00B4EA93 /* Products */;
			projectDirPath = "";
			projectRoot = "";
			targets = (
				3304EBF32795963F00B4EA93 /* Project 1-3 */,
			);
		};
/* End PBXProject section */

/* Begin PBXResourcesBuildPhase section */
		3304EBF22795963F00B4EA93 /* Resources */ = {
			isa = PBXResourcesBuildPhase;
			buildActionMask = 2147483647;
			files = (
				3304EC042795964300B4EA93 /* LaunchScreen.storyboard in Resources */,
				3304EC2A27959E1B00B4EA93 /* russia@2x.png in Resources */,
				3304EC3227959E1B00B4EA93 /* russia@3x.png in Resources */,
				3304EC3627959E1B00B4EA93 /* germany@3x.png in Resources */,
				3304EC3927959E1B00B4EA93 /* spain@2x.png in Resources */,
				3304EC3327959E1B00B4EA93 /* estonia@2x.png in Resources */,
				3304EC012795964300B4EA93 /* Assets.xcassets in Resources */,
				3304EC3127959E1B00B4EA93 /* monaco@3x.png in Resources */,
				3304EC3427959E1B00B4EA93 /* us@2x.png in Resources */,
				3304EC3827959E1B00B4EA93 /* italy@2x.png in Resources */,
				3304EC2627959E1B00B4EA93 /* uk@2x.png in Resources */,
				3304EC3B27959E1B00B4EA93 /* italy@3x.png in Resources */,
				3304EC2827959E1B00B4EA93 /* monaco@2x.png in Resources */,
				3304EC2D27959E1B00B4EA93 /* estonia@3x.png in Resources */,
				3304EC2C27959E1B00B4EA93 /* nigeria@3x.png in Resources */,
				3304EC3027959E1B00B4EA93 /* france@2x.png in Resources */,
				3304EC3A27959E1B00B4EA93 /* uk@3x.png in Resources */,
				3304EC2B27959E1B00B4EA93 /* poland@3x.png in Resources */,
				3304EC3D27959E1B00B4EA93 /* nigeria@2x.png in Resources */,
				3304EC2927959E1B00B4EA93 /* ireland@2x.png in Resources */,
				3304EC2727959E1B00B4EA93 /* us@3x.png in Resources */,
				3304EC3C27959E1B00B4EA93 /* france@3x.png in Resources */,
				3304EC2F27959E1B00B4EA93 /* spain@3x.png in Resources */,
				3304EBFF2795963F00B4EA93 /* Main.storyboard in Resources */,
				3304EC2E27959E1B00B4EA93 /* ireland@3x.png in Resources */,
				3304EC3527959E1B00B4EA93 /* germany@2x.png in Resources */,
				3304EC3727959E1B00B4EA93 /* poland@2x.png in Resources */,
			);
			runOnlyForDeploymentPostprocessing = 0;
		};
/* End PBXResourcesBuildPhase section */

/* Begin PBXSourcesBuildPhase section */
		3304EBF02795963F00B4EA93 /* Sources */ = {
			isa = PBXSourcesBuildPhase;
			buildActionMask = 2147483647;
			files = (
				3304EBFC2795963F00B4EA93 /* ViewController.swift in Sources */,
				3304EBF82795963F00B4EA93 /* AppDelegate.swift in Sources */,
				3304EBFA2795963F00B4EA93 /* SceneDelegate.swift in Sources */,
				3304EC0C2795972700B4EA93 /* DetailViewController.swift in Sources */,
			);
			runOnlyForDeploymentPostprocessing = 0;
		};
/* End PBXSourcesBuildPhase section */

/* Begin PBXVariantGroup section */
		3304EBFD2795963F00B4EA93 /* Main.storyboard */ = {
			isa = PBXVariantGroup;
			children = (
				3304EBFE2795963F00B4EA93 /* Base */,
			);
			name = Main.storyboard;
			sourceTree = "<group>";
		};
		3304EC022795964300B4EA93 /* LaunchScreen.storyboard */ = {
			isa = PBXVariantGroup;
			children = (
				3304EC032795964300B4EA93 /* Base */,
			);
			name = LaunchScreen.storyboard;
			sourceTree = "<group>";
		};
/* End PBXVariantGroup section */

/* Begin XCBuildConfiguration section */
		3304EC062795964300B4EA93 /* Debug */ = {
			isa = XCBuildConfiguration;
			buildSettings = {
				ALWAYS_SEARCH_USER_PATHS = NO;
				CLANG_ANALYZER_NONNULL = YES;
				CLANG_ANALYZER_NUMBER_OBJECT_CONVERSION = YES_AGGRESSIVE;
				CLANG_CXX_LANGUAGE_STANDARD = "gnu++17";
				CLANG_CXX_LIBRARY = "libc++";
				CLANG_ENABLE_MODULES = YES;
				CLANG_ENABLE_OBJC_ARC = YES;
				CLANG_ENABLE_OBJC_WEAK = YES;
				CLANG_WARN_BLOCK_CAPTURE_AUTORELEASING = YES;
				CLANG_WARN_BOOL_CONVERSION = YES;
				CLANG_WARN_COMMA = YES;
				CLANG_WARN_CONSTANT_CONVERSION = YES;
				CLANG_WARN_DEPRECATED_OBJC_IMPLEMENTATIONS = YES;
				CLANG_WARN_DIRECT_OBJC_ISA_USAGE = YES_ERROR;
				CLANG_WARN_DOCUMENTATION_COMMENTS = YES;
				CLANG_WARN_EMPTY_BODY = YES;
				CLANG_WARN_ENUM_CONVERSION = YES;
				CLANG_WARN_INFINITE_RECURSION = YES;
				CLANG_WARN_INT_CONVERSION = YES;
				CLANG_WARN_NON_LITERAL_NULL_CONVERSION = YES;
				CLANG_WARN_OBJC_IMPLICIT_RETAIN_SELF = YES;
				CLANG_WARN_OBJC_LITERAL_CONVERSION = YES;
				CLANG_WARN_OBJC_ROOT_CLASS = YES_ERROR;
				CLANG_WARN_QUOTED_INCLUDE_IN_FRAMEWORK_HEADER = YES;
				CLANG_WARN_RANGE_LOOP_ANALYSIS = YES;
				CLANG_WARN_STRICT_PROTOTYPES = YES;
				CLANG_WARN_SUSPICIOUS_MOVE = YES;
				CLANG_WARN_UNGUARDED_AVAILABILITY = YES_AGGRESSIVE;
				CLANG_WARN_UNREACHABLE_CODE = YES;
				CLANG_WARN__DUPLICATE_METHOD_MATCH = YES;
				COPY_PHASE_STRIP = NO;
				DEBUG_INFORMATION_FORMAT = dwarf;
				ENABLE_STRICT_OBJC_MSGSEND = YES;
				ENABLE_TESTABILITY = YES;
				GCC_C_LANGUAGE_STANDARD = gnu11;
				GCC_DYNAMIC_NO_PIC = NO;
				GCC_NO_COMMON_BLOCKS = YES;
				GCC_OPTIMIZATION_LEVEL = 0;
				GCC_PREPROCESSOR_DEFINITIONS = (
					"DEBUG=1",
					"$(inherited)",
				);
				GCC_WARN_64_TO_32_BIT_CONVERSION = YES;
				GCC_WARN_ABOUT_RETURN_TYPE = YES_ERROR;
				GCC_WARN_UNDECLARED_SELECTOR = YES;
				GCC_WARN_UNINITIALIZED_AUTOS = YES_AGGRESSIVE;
				GCC_WARN_UNUSED_FUNCTION = YES;
				GCC_WARN_UNUSED_VARIABLE = YES;
				IPHONEOS_DEPLOYMENT_TARGET = 15.2;
				MTL_ENABLE_DEBUG_INFO = INCLUDE_SOURCE;
				MTL_FAST_MATH = YES;
				ONLY_ACTIVE_ARCH = YES;
				SDKROOT = iphoneos;
				SWIFT_ACTIVE_COMPILATION_CONDITIONS = DEBUG;
				SWIFT_OPTIMIZATION_LEVEL = "-Onone";
			};
			name = Debug;
		};
		3304EC072795964300B4EA93 /* Release */ = {
			isa = XCBuildConfiguration;
			buildSettings = {
				ALWAYS_SEARCH_USER_PATHS = NO;
				CLANG_ANALYZER_NONNULL = YES;
				CLANG_ANALYZER_NUMBER_OBJECT_CONVERSION = YES_AGGRESSIVE;
				CLANG_CXX_LANGUAGE_STANDARD = "gnu++17";
				CLANG_CXX_LIBRARY = "libc++";
				CLANG_ENABLE_MODULES = YES;
				CLANG_ENABLE_OBJC_ARC = YES;
				CLANG_ENABLE_OBJC_WEAK = YES;
				CLANG_WARN_BLOCK_CAPTURE_AUTORELEASING = YES;
				CLANG_WARN_BOOL_CONVERSION = YES;
				CLANG_WARN_COMMA = YES;
				CLANG_WARN_CONSTANT_CONVERSION = YES;
				CLANG_WARN_DEPRECATED_OBJC_IMPLEMENTATIONS = YES;
				CLANG_WARN_DIRECT_OBJC_ISA_USAGE = YES_ERROR;
				CLANG_WARN_DOCUMENTATION_COMMENTS = YES;
				CLANG_WARN_EMPTY_BODY = YES;
				CLANG_WARN_ENUM_CONVERSION = YES;
				CLANG_WARN_INFINITE_RECURSION = YES;
				CLANG_WARN_INT_CONVERSION = YES;
				CLANG_WARN_NON_LITERAL_NULL_CONVERSION = YES;
				CLANG_WARN_OBJC_IMPLICIT_RETAIN_SELF = YES;
				CLANG_WARN_OBJC_LITERAL_CONVERSION = YES;
				CLANG_WARN_OBJC_ROOT_CLASS = YES_ERROR;
				CLANG_WARN_QUOTED_INCLUDE_IN_FRAMEWORK_HEADER = YES;
				CLANG_WARN_RANGE_LOOP_ANALYSIS = YES;
				CLANG_WARN_STRICT_PROTOTYPES = YES;
				CLANG_WARN_SUSPICIOUS_MOVE = YES;
				CLANG_WARN_UNGUARDED_AVAILABILITY = YES_AGGRESSIVE;
				CLANG_WARN_UNREACHABLE_CODE = YES;
				CLANG_WARN__DUPLICATE_METHOD_MATCH = YES;
				COPY_PHASE_STRIP = NO;
				DEBUG_INFORMATION_FORMAT = "dwarf-with-dsym";
				ENABLE_NS_ASSERTIONS = NO;
				ENABLE_STRICT_OBJC_MSGSEND = YES;
				GCC_C_LANGUAGE_STANDARD = gnu11;
				GCC_NO_COMMON_BLOCKS = YES;
				GCC_WARN_64_TO_32_BIT_CONVERSION = YES;
				GCC_WARN_ABOUT_RETURN_TYPE = YES_ERROR;
				GCC_WARN_UNDECLARED_SELECTOR = YES;
				GCC_WARN_UNINITIALIZED_AUTOS = YES_AGGRESSIVE;
				GCC_WARN_UNUSED_FUNCTION = YES;
				GCC_WARN_UNUSED_VARIABLE = YES;
				IPHONEOS_DEPLOYMENT_TARGET = 15.2;
				MTL_ENABLE_DEBUG_INFO = NO;
				MTL_FAST_MATH = YES;
				SDKROOT = iphoneos;
				SWIFT_COMPILATION_MODE = wholemodule;
				SWIFT_OPTIMIZATION_LEVEL = "-O";
				VALIDATE_PRODUCT = YES;
			};
			name = Release;
		};
		3304EC092795964300B4EA93 /* Debug */ = {
			isa = XCBuildConfiguration;
			buildSettings = {
				ASSETCATALOG_COMPILER_APPICON_NAME = AppIcon;
				ASSETCATALOG_COMPILER_GLOBAL_ACCENT_COLOR_NAME = AccentColor;
				CODE_SIGN_STYLE = Automatic;
				CURRENT_PROJECT_VERSION = 1;
				DEVELOPMENT_TEAM = M3HKT4DGY8;
				GENERATE_INFOPLIST_FILE = YES;
				INFOPLIST_FILE = "Project 1-3/Info.plist";
				INFOPLIST_KEY_UIApplicationSupportsIndirectInputEvents = YES;
				INFOPLIST_KEY_UILaunchStoryboardName = LaunchScreen;
				INFOPLIST_KEY_UIMainStoryboardFile = Main;
				INFOPLIST_KEY_UISupportedInterfaceOrientations_iPad = "UIInterfaceOrientationPortrait UIInterfaceOrientationPortraitUpsideDown UIInterfaceOrientationLandscapeLeft UIInterfaceOrientationLandscapeRight";
				INFOPLIST_KEY_UISupportedInterfaceOrientations_iPhone = "UIInterfaceOrientationPortrait UIInterfaceOrientationLandscapeLeft UIInterfaceOrientationLandscapeRight";
				LD_RUNPATH_SEARCH_PATHS = (
					"$(inherited)",
					"@executable_path/Frameworks",
				);
				MARKETING_VERSION = 1.0;
				PRODUCT_BUNDLE_IDENTIFIER = "com.codingmonkey.Project-1-3";
				PRODUCT_NAME = "$(TARGET_NAME)";
				SWIFT_EMIT_LOC_STRINGS = YES;
				SWIFT_VERSION = 5.0;
				TARGETED_DEVICE_FAMILY = "1,2";
			};
			name = Debug;
		};
		3304EC0A2795964300B4EA93 /* Release */ = {
			isa = XCBuildConfiguration;
			buildSettings = {
				ASSETCATALOG_COMPILER_APPICON_NAME = AppIcon;
				ASSETCATALOG_COMPILER_GLOBAL_ACCENT_COLOR_NAME = AccentColor;
				CODE_SIGN_STYLE = Automatic;
				CURRENT_PROJECT_VERSION = 1;
				DEVELOPMENT_TEAM = M3HKT4DGY8;
				GENERATE_INFOPLIST_FILE = YES;
				INFOPLIST_FILE = "Project 1-3/Info.plist";
				INFOPLIST_KEY_UIApplicationSupportsIndirectInputEvents = YES;
				INFOPLIST_KEY_UILaunchStoryboardName = LaunchScreen;
				INFOPLIST_KEY_UIMainStoryboardFile = Main;
				INFOPLIST_KEY_UISupportedInterfaceOrientations_iPad = "UIInterfaceOrientationPortrait UIInterfaceOrientationPortraitUpsideDown UIInterfaceOrientationLandscapeLeft UIInterfaceOrientationLandscapeRight";
				INFOPLIST_KEY_UISupportedInterfaceOrientations_iPhone = "UIInterfaceOrientationPortrait UIInterfaceOrientationLandscapeLeft UIInterfaceOrientationLandscapeRight";
				LD_RUNPATH_SEARCH_PATHS = (
					"$(inherited)",
					"@executable_path/Frameworks",
				);
				MARKETING_VERSION = 1.0;
				PRODUCT_BUNDLE_IDENTIFIER = "com.codingmonkey.Project-1-3";
				PRODUCT_NAME = "$(TARGET_NAME)";
				SWIFT_EMIT_LOC_STRINGS = YES;
				SWIFT_VERSION = 5.0;
				TARGETED_DEVICE_FAMILY = "1,2";
			};
			name = Release;
		};
/* End XCBuildConfiguration section */

/* Begin XCConfigurationList section */
		3304EBEF2795963F00B4EA93 /* Build configuration list for PBXProject "Project 1-3" */ = {
			isa = XCConfigurationList;
			buildConfigurations = (
				3304EC062795964300B4EA93 /* Debug */,
				3304EC072795964300B4EA93 /* Release */,
			);
			defaultConfigurationIsVisible = 0;
			defaultConfigurationName = Release;
		};
		3304EC082795964300B4EA93 /* Build configuration list for PBXNativeTarget "Project 1-3" */ = {
			isa = XCConfigurationList;
			buildConfigurations = (
				3304EC092795964300B4EA93 /* Debug */,
				3304EC0A2795964300B4EA93 /* Release */,
			);
			defaultConfigurationIsVisible = 0;
			defaultConfigurationName = Release;
		};
/* End XCConfigurationList section */
	};
	rootObject = 3304EBEC2795963F00B4EA93 /* Project object */;
}
